
Microsoft Visual Studio Solution File, Format Version 12.00
# Visual Studio 2017
Project("{FAE04EC0-301F-11D3-BF4B-00C04F79EFBC}") = "Hp bar", "Hp bar.csproj", "{EB12AA22-BD4F-BDF3-764A-E872B0C7757C}"
EndProject
Global
	GlobalSection(SolutionConfigurationPlatforms) = preSolution
		Debug|Any CPU = Debug|Any CPU
		Release|Any CPU = Release|Any CPU
	EndGlobalSection
	GlobalSection(ProjectConfigurationPlatforms) = postSolution
		{EB12AA22-BD4F-BDF3-764A-E872B0C7757C}.Debug|Any CPU.ActiveCfg = Debug|Any CPU
		{EB12AA22-BD4F-BDF3-764A-E872B0C7757C}.Debug|Any CPU.Build.0 = Debug|Any CPU
		{EB12AA22-BD4F-BDF3-764A-E872B0C7757C}.Release|Any CPU.ActiveCfg = Release|Any CPU
		{EB12AA22-BD4F-BDF3-764A-E872B0C7757C}.Release|Any CPU.Build.0 = Release|Any CPU
	EndGlobalSection
	GlobalSection(SolutionProperties) = preSolution
		HideSolutionNode = FALSE
	EndGlobalSection
EndGlobal
